
Microsoft Visual Studio Solution File, Format Version 12.00
# Visual Studio Version 17
VisualStudioVersion = 17.0.31903.59
MinimumVisualStudioVersion = 10.0.40219.1
Project("{FAE04EC0-301F-11D3-BF4B-00C04F79EFBC}") = "Ecommerce.Controller", "Ecommerce.Controller\Ecommerce.Controller.csproj", "{0B9D0529-EB44-4F85-A24B-4195968B7E23}"
EndProject
Project("{FAE04EC0-301F-11D3-BF4B-00C04F79EFBC}") = "Ecommerce.Service", "Ecommerce.Service\Ecommerce.Service.csproj", "{F26521F2-06D0-4580-B7E8-8FD6E41CC4A7}"
EndProject
Project("{FAE04EC0-301F-11D3-BF4B-00C04F79EFBC}") = "Ecommerce.Core", "Ecommerce.Core\Ecommerce.Core.csproj", "{ED0CC1AF-9FD8-4019-B8C6-42D0D77B1933}"
EndProject
Project("{FAE04EC0-301F-11D3-BF4B-00C04F79EFBC}") = "Ecommerce.WebAPI", "Ecommerce.WebAPI\Ecommerce.WebAPI.csproj", "{8DD9E59A-11E8-44F3-8734-422FD03D9F7D}"
EndProject
Global
	GlobalSection(SolutionConfigurationPlatforms) = preSolution
		Debug|Any CPU = Debug|Any CPU
		Release|Any CPU = Release|Any CPU
	EndGlobalSection
	GlobalSection(SolutionProperties) = preSolution
		HideSolutionNode = FALSE
	EndGlobalSection
	GlobalSection(ProjectConfigurationPlatforms) = postSolution
		{0B9D0529-EB44-4F85-A24B-4195968B7E23}.Debug|Any CPU.ActiveCfg = Debug|Any CPU
		{0B9D0529-EB44-4F85-A24B-4195968B7E23}.Debug|Any CPU.Build.0 = Debug|Any CPU
		{0B9D0529-EB44-4F85-A24B-4195968B7E23}.Release|Any CPU.ActiveCfg = Release|Any CPU
		{0B9D0529-EB44-4F85-A24B-4195968B7E23}.Release|Any CPU.Build.0 = Release|Any CPU
		{F26521F2-06D0-4580-B7E8-8FD6E41CC4A7}.Debug|Any CPU.ActiveCfg = Debug|Any CPU
		{F26521F2-06D0-4580-B7E8-8FD6E41CC4A7}.Debug|Any CPU.Build.0 = Debug|Any CPU
		{F26521F2-06D0-4580-B7E8-8FD6E41CC4A7}.Release|Any CPU.ActiveCfg = Release|Any CPU
		{F26521F2-06D0-4580-B7E8-8FD6E41CC4A7}.Release|Any CPU.Build.0 = Release|Any CPU
		{ED0CC1AF-9FD8-4019-B8C6-42D0D77B1933}.Debug|Any CPU.ActiveCfg = Debug|Any CPU
		{ED0CC1AF-9FD8-4019-B8C6-42D0D77B1933}.Debug|Any CPU.Build.0 = Debug|Any CPU
		{ED0CC1AF-9FD8-4019-B8C6-42D0D77B1933}.Release|Any CPU.ActiveCfg = Release|Any CPU
		{ED0CC1AF-9FD8-4019-B8C6-42D0D77B1933}.Release|Any CPU.Build.0 = Release|Any CPU
		{8DD9E59A-11E8-44F3-8734-422FD03D9F7D}.Debug|Any CPU.ActiveCfg = Debug|Any CPU
		{8DD9E59A-11E8-44F3-8734-422FD03D9F7D}.Debug|Any CPU.Build.0 = Debug|Any CPU
		{8DD9E59A-11E8-44F3-8734-422FD03D9F7D}.Release|Any CPU.ActiveCfg = Release|Any CPU
		{8DD9E59A-11E8-44F3-8734-422FD03D9F7D}.Release|Any CPU.Build.0 = Release|Any CPU
	EndGlobalSection
EndGlobal
